<?xml version="1.0" encoding="utf-8"?>
<Project ToolsVersion="4.0" xmlns="http://schemas.microsoft.com/developer/msbuild/2003">
  <ItemGroup>
    <Filter Include="Source Files">
      <UniqueIdentifier>{4FC737F1-C7A5-4376-A066-2A32D752A2FF}</UniqueIdentifier>
      <Extensions>cpp;c;cc;cxx;def;odl;idl;hpj;bat;asm;asmx</Extensions>
    </Filter>
    <Filter Include="Header Files">
      <UniqueIdentifier>{93995380-89BD-4b04-88EB-625FBE52EBFB}</UniqueIdentifier>
      <Extensions>h;hh;hpp;hxx;hm;inl;inc;ipp;xsd</Extensions>
    </Filter>
    <Filter Include="Resource Files">
      <UniqueIdentifier>{67DA6AB6-F800-4c08-8B7A-83BB121AAD01}</UniqueIdentifier>
      <Extensions>rc;ico;cur;bmp;dlg;rc2;rct;bin;rgs;gif;jpg;jpeg;jpe;resx;tiff;tif;png;wav;mfcribbon-ms</Extensions>
    </Filter>
    <Filter Include="Header Files\EncrypterCLI">
      <UniqueIdentifier>{6781630d-e699-4b5a-860f-f8c64825c6b8}</UniqueIdentifier>
    </Filter>
    <Filter Include="Source Files\EncrypterCLI">
      <UniqueIdentifier>{054d8f9f-3328-460e-85a9-4f7e34310b3b}</UniqueIdentifier>
    </Filter>
    <Filter Include="Header Files\NeuralCLI">
      <UniqueIdentifier>{f8b7b63e-8145-40e6-a2e2-fdec0f662d88}</UniqueIdentifier>
    </Filter>
    <Filter Include="Source Files\NeuralCLI">
      <UniqueIdentifier>{ad262b6d-ff93-41e3-b984-15c8fbd7792d}</UniqueIdentifier>
    </Filter>
  </ItemGroup>
  <ItemGroup>
    <ClCompile Include="Main.cpp">
      <Filter>Source Files</Filter>
    </ClCompile>
    <ClCompile Include="MainHelpers.cpp">
      <Filter>Source Files</Filter>
    </ClCompile>
    <ClCompile Include="Client.cpp">
      <Filter>Source Files</Filter>
    </ClCompile>
    <ClCompile Include="kitchensink.cpp">
      <Filter>Source Files</Filter>
    </ClCompile>
    <ClCompile Include="EncrypterCLI\EncrypterCLI.cpp">
      <Filter>Source Files\EncrypterCLI</Filter>
    </ClCompile>
    <ClCompile Include="EncrypterCLI\FileIOHandler.cpp">
      <Filter>Source Files\EncrypterCLI</Filter>
    </ClCompile>
    <ClCompile Include="NNHelpers.cpp">
      <Filter>Source Files</Filter>
    </ClCompile>
    <ClCompile Include="EncrypterHelpers.cpp">
      <Filter>Source Files</Filter>
    </ClCompile>
    <ClCompile Include="NeuralCLI\common.cpp">
      <Filter>Source Files\NeuralCLI</Filter>
    </ClCompile>
    <ClCompile Include="NeuralCLI\data.cpp">
      <Filter>Source Files\NeuralCLI</Filter>
    </ClCompile>
    <ClCompile Include="NeuralCLI\data_handler.cpp">
      <Filter>Source Files\NeuralCLI</Filter>
    </ClCompile>
    <ClCompile Include="NeuralCLI\hidden_layer.cpp">
      <Filter>Source Files\NeuralCLI</Filter>
    </ClCompile>
    <ClCompile Include="NeuralCLI\input_layer.cpp">
      <Filter>Source Files\NeuralCLI</Filter>
    </ClCompile>
    <ClCompile Include="NeuralCLI\layer.cpp">
      <Filter>Source Files\NeuralCLI</Filter>
    </ClCompile>
    <ClCompile Include="NeuralCLI\network.cpp">
      <Filter>Source Files\NeuralCLI</Filter>
    </ClCompile>
    <ClCompile Include="NeuralCLI\neuron.cpp">
      <Filter>Source Files\NeuralCLI</Filter>
    </ClCompile>
    <ClCompile Include="NeuralCLI\output_layer.cpp">
      <Filter>Source Files\NeuralCLI</Filter>
    </ClCompile>
    <ClCompile Include="PrintConsole.cpp">
      <Filter>Source Files</Filter>
    </ClCompile>
    <ClCompile Include="DNRG.cpp">
      <Filter>Source Files</Filter>
    </ClCompile>
  </ItemGroup>
  <ItemGroup>
    <ClInclude Include="MainHelpers.h">
      <Filter>Header Files</Filter>
    </ClInclude>
    <ClInclude Include="Client.h">
      <Filter>Header Files</Filter>
    </ClInclude>
    <ClInclude Include="resource.h">
      <Filter>Header Files</Filter>
    </ClInclude>
    <ClInclude Include="EncrypterCLI\EncrypterCLI.h">
      <Filter>Header Files\EncrypterCLI</Filter>
    </ClInclude>
    <ClInclude Include="EncrypterCLI\FileIOHandler.h">
      <Filter>Header Files\EncrypterCLI</Filter>
    </ClInclude>
    <ClInclude Include="NNHelpers.h">
      <Filter>Header Files</Filter>
    </ClInclude>
    <ClInclude Include="EncrypterHelpers.h">
      <Filter>Header Files</Filter>
    </ClInclude>
    <ClInclude Include="NeuralCLI\common.hpp">
      <Filter>Header Files\NeuralCLI</Filter>
    </ClInclude>
    <ClInclude Include="NeuralCLI\data.hpp">
      <Filter>Header Files\NeuralCLI</Filter>
    </ClInclude>
    <ClInclude Include="NeuralCLI\data_handler.hpp">
      <Filter>Header Files\NeuralCLI</Filter>
    </ClInclude>
    <ClInclude Include="NeuralCLI\hidden_layer.hpp">
      <Filter>Header Files\NeuralCLI</Filter>
    </ClInclude>
    <ClInclude Include="NeuralCLI\input_layer.hpp">
      <Filter>Header Files\NeuralCLI</Filter>
    </ClInclude>
    <ClInclude Include="NeuralCLI\layer.hpp">
      <Filter>Header Files\NeuralCLI</Filter>
    </ClInclude>
    <ClInclude Include="NeuralCLI\network.hpp">
      <Filter>Header Files\NeuralCLI</Filter>
    </ClInclude>
    <ClInclude Include="NeuralCLI\neuron.hpp">
      <Filter>Header Files\NeuralCLI</Filter>
    </ClInclude>
    <ClInclude Include="NeuralCLI\output_layer.hpp">
      <Filter>Header Files\NeuralCLI</Filter>
    </ClInclude>
    <ClInclude Include="PrintConsole.h">
      <Filter>Header Files</Filter>
    </ClInclude>
    <ClInclude Include="DNRG.h">
      <Filter>Header Files</Filter>
    </ClInclude>
  </ItemGroup>
</Project>